
Microsoft Visual Studio Solution File, Format Version 12.00
# Visual Studio 15
VisualStudioVersion = 15.0.27703.2035
MinimumVisualStudioVersion = 10.0.40219.1
Project("{FAE04EC0-301F-11D3-BF4B-00C04F79EFBC}") = "TedarikZinciriOtomasyonu.Web", "TedarikZinciriOtomasyonu.Web\TedarikZinciriOtomasyonu.Web.csproj", "{CC4A0CD1-4948-4F3D-A9C1-48E46273394F}"
EndProject
Project("{FAE04EC0-301F-11D3-BF4B-00C04F79EFBC}") = "TedarikZinciriOtomasyonu.VarlikKatmani", "TedarikZinciriOtomasyonu.VarlikKatmani\TedarikZinciriOtomasyonu.VarlikKatmani.csproj", "{12D57A4F-16AC-4F75-BBAE-D37C8300B2A1}"
EndProject
Project("{FAE04EC0-301F-11D3-BF4B-00C04F79EFBC}") = "TedarikZinciriOtomasyonu.VeriErisimKatmani", "TedarikZinciriOtomasyonu.VeriErisimKatmani\TedarikZinciriOtomasyonu.VeriErisimKatmani.csproj", "{3BA0E9DC-E2F2-46AC-89D7-442B4C994C31}"
EndProject
Project("{FAE04EC0-301F-11D3-BF4B-00C04F79EFBC}") = "TedarikZinciriOtomasyonu.IslemKatmani", "TedarikZinciriOtomasyonu.IslemKatmani\TedarikZinciriOtomasyonu.IslemKatmani.csproj", "{3BEB8892-B0DF-4905-9FBA-396F9CF75BA5}"
EndProject
Global
	GlobalSection(SolutionConfigurationPlatforms) = preSolution
		Debug|Any CPU = Debug|Any CPU
		Release|Any CPU = Release|Any CPU
	EndGlobalSection
	GlobalSection(ProjectConfigurationPlatforms) = postSolution
		{CC4A0CD1-4948-4F3D-A9C1-48E46273394F}.Debug|Any CPU.ActiveCfg = Debug|Any CPU
		{CC4A0CD1-4948-4F3D-A9C1-48E46273394F}.Debug|Any CPU.Build.0 = Debug|Any CPU
		{CC4A0CD1-4948-4F3D-A9C1-48E46273394F}.Release|Any CPU.ActiveCfg = Release|Any CPU
		{CC4A0CD1-4948-4F3D-A9C1-48E46273394F}.Release|Any CPU.Build.0 = Release|Any CPU
		{12D57A4F-16AC-4F75-BBAE-D37C8300B2A1}.Debug|Any CPU.ActiveCfg = Debug|Any CPU
		{12D57A4F-16AC-4F75-BBAE-D37C8300B2A1}.Debug|Any CPU.Build.0 = Debug|Any CPU
		{12D57A4F-16AC-4F75-BBAE-D37C8300B2A1}.Release|Any CPU.ActiveCfg = Release|Any CPU
		{12D57A4F-16AC-4F75-BBAE-D37C8300B2A1}.Release|Any CPU.Build.0 = Release|Any CPU
		{3BA0E9DC-E2F2-46AC-89D7-442B4C994C31}.Debug|Any CPU.ActiveCfg = Debug|Any CPU
		{3BA0E9DC-E2F2-46AC-89D7-442B4C994C31}.Debug|Any CPU.Build.0 = Debug|Any CPU
		{3BA0E9DC-E2F2-46AC-89D7-442B4C994C31}.Release|Any CPU.ActiveCfg = Release|Any CPU
		{3BA0E9DC-E2F2-46AC-89D7-442B4C994C31}.Release|Any CPU.Build.0 = Release|Any CPU
		{3BEB8892-B0DF-4905-9FBA-396F9CF75BA5}.Debug|Any CPU.ActiveCfg = Debug|Any CPU
		{3BEB8892-B0DF-4905-9FBA-396F9CF75BA5}.Debug|Any CPU.Build.0 = Debug|Any CPU
		{3BEB8892-B0DF-4905-9FBA-396F9CF75BA5}.Release|Any CPU.ActiveCfg = Release|Any CPU
		{3BEB8892-B0DF-4905-9FBA-396F9CF75BA5}.Release|Any CPU.Build.0 = Release|Any CPU
	EndGlobalSection
	GlobalSection(SolutionProperties) = preSolution
		HideSolutionNode = FALSE
	EndGlobalSection
	GlobalSection(ExtensibilityGlobals) = postSolution
		SolutionGuid = {5EE034D3-D955-46E0-8015-4ADEFB68FFFD}
	EndGlobalSection
EndGlobal
